# This file is automatically @generated by Cargo.
# It is not intended for manual editing.
version = 4

[[package]]
name = "bitboard"
version = "0.1.0"
dependencies = [
 "rawbytes",
]

[[package]]
name = "rawbytes"
version = "1.0.1"
source = "registry+https://github.com/rust-lang/crates.io-index"
checksum = "15ccf9e01e76f95f5a5c2af3e7d7513ce218cfdfca8393908f286eb879663253"
